
Microsoft Visual Studio Solution File, Format Version 12.00
Project("{FAE04EC0-301F-11D3-BF4B-00C04F79EFBC}") = "WebAppsServer", "WebAppsServer\WebAppsServer.csproj", "{D16BA3FC-715C-4E8C-8349-46F7E34EA105}"
EndProject
Global
	GlobalSection(SolutionConfigurationPlatforms) = preSolution
		Debug|Any CPU = Debug|Any CPU
		Release|Any CPU = Release|Any CPU
	EndGlobalSection
	GlobalSection(ProjectConfigurationPlatforms) = postSolution
		{D16BA3FC-715C-4E8C-8349-46F7E34EA105}.Debug|Any CPU.ActiveCfg = Debug|Any CPU
		{D16BA3FC-715C-4E8C-8349-46F7E34EA105}.Debug|Any CPU.Build.0 = Debug|Any CPU
		{D16BA3FC-715C-4E8C-8349-46F7E34EA105}.Release|Any CPU.ActiveCfg = Release|Any CPU
		{D16BA3FC-715C-4E8C-8349-46F7E34EA105}.Release|Any CPU.Build.0 = Release|Any CPU
	EndGlobalSection
EndGlobal
